
Microsoft Visual Studio Solution File, Format Version 12.00
# Visual Studio Version 16
VisualStudioVersion = 16.0.29123.88
MinimumVisualStudioVersion = 10.0.40219.1
Project("{9A19103F-16F7-4668-BE54-9A1E7A4F7556}") = "DeliveryService.Api", "DeliveryService.Api\DeliveryService.Api.csproj", "{6C72C135-BC34-4145-B023-1254B514C317}"
EndProject
Project("{FAE04EC0-301F-11D3-BF4B-00C04F79EFBC}") = "DeliveryService.Infra", "DeliveryService.Infra\DeliveryService.Infra.csproj", "{56080F63-AC61-42A9-B978-896AC1527BD8}"
EndProject
Global
	GlobalSection(SolutionConfigurationPlatforms) = preSolution
		Debug|Any CPU = Debug|Any CPU
		Release|Any CPU = Release|Any CPU
	EndGlobalSection
	GlobalSection(ProjectConfigurationPlatforms) = postSolution
		{6C72C135-BC34-4145-B023-1254B514C317}.Debug|Any CPU.ActiveCfg = Debug|Any CPU
		{6C72C135-BC34-4145-B023-1254B514C317}.Debug|Any CPU.Build.0 = Debug|Any CPU
		{6C72C135-BC34-4145-B023-1254B514C317}.Release|Any CPU.ActiveCfg = Release|Any CPU
		{6C72C135-BC34-4145-B023-1254B514C317}.Release|Any CPU.Build.0 = Release|Any CPU
		{56080F63-AC61-42A9-B978-896AC1527BD8}.Debug|Any CPU.ActiveCfg = Debug|Any CPU
		{56080F63-AC61-42A9-B978-896AC1527BD8}.Debug|Any CPU.Build.0 = Debug|Any CPU
		{56080F63-AC61-42A9-B978-896AC1527BD8}.Release|Any CPU.ActiveCfg = Release|Any CPU
		{56080F63-AC61-42A9-B978-896AC1527BD8}.Release|Any CPU.Build.0 = Release|Any CPU
	EndGlobalSection
	GlobalSection(SolutionProperties) = preSolution
		HideSolutionNode = FALSE
	EndGlobalSection
	GlobalSection(ExtensibilityGlobals) = postSolution
		SolutionGuid = {A0992616-4B17-4CD8-8955-EE8DF5DEBCCA}
	EndGlobalSection
EndGlobal
